
Microsoft Visual Studio Solution File, Format Version 12.00
# Visual Studio 15
VisualStudioVersion = 15.0.28307.1927
MinimumVisualStudioVersion = 10.0.40219.1
Project("{FAE04EC0-301F-11D3-BF4B-00C04F79EFBC}") = "WindowsFormsApp1", "WindowsFormsApp1\WindowsFormsApp1.csproj", "{374C85E7-5050-48FA-87E1-5BEB5A1D5998}"
EndProject
Global
	GlobalSection(SolutionConfigurationPlatforms) = preSolution
		Debug|Any CPU = Debug|Any CPU
		Release|Any CPU = Release|Any CPU
	EndGlobalSection
	GlobalSection(ProjectConfigurationPlatforms) = postSolution
		{374C85E7-5050-48FA-87E1-5BEB5A1D5998}.Debug|Any CPU.ActiveCfg = Debug|Any CPU
		{374C85E7-5050-48FA-87E1-5BEB5A1D5998}.Debug|Any CPU.Build.0 = Debug|Any CPU
		{374C85E7-5050-48FA-87E1-5BEB5A1D5998}.Release|Any CPU.ActiveCfg = Release|Any CPU
		{374C85E7-5050-48FA-87E1-5BEB5A1D5998}.Release|Any CPU.Build.0 = Release|Any CPU
	EndGlobalSection
	GlobalSection(SolutionProperties) = preSolution
		HideSolutionNode = FALSE
	EndGlobalSection
	GlobalSection(ExtensibilityGlobals) = postSolution
		SolutionGuid = {5D795FA0-D3EC-404E-8C07-CABA34998532}
	EndGlobalSection
EndGlobal
